
Microsoft Visual Studio Solution File, Format Version 12.00
# Visual Studio Version 16
VisualStudioVersion = 16.0.33328.57
MinimumVisualStudioVersion = 10.0.40219.1
Project("{FAE04EC0-301F-11D3-BF4B-00C04F79EFBC}") = "Lab11", "Lab11\Lab11.csproj", "{72390EB1-DD1A-4640-812A-8D4D82FA08C9}"
EndProject
Global
	GlobalSection(SolutionConfigurationPlatforms) = preSolution
		Debug|Any CPU = Debug|Any CPU
		Release|Any CPU = Release|Any CPU
	EndGlobalSection
	GlobalSection(ProjectConfigurationPlatforms) = postSolution
		{72390EB1-DD1A-4640-812A-8D4D82FA08C9}.Debug|Any CPU.ActiveCfg = Debug|Any CPU
		{72390EB1-DD1A-4640-812A-8D4D82FA08C9}.Debug|Any CPU.Build.0 = Debug|Any CPU
		{72390EB1-DD1A-4640-812A-8D4D82FA08C9}.Release|Any CPU.ActiveCfg = Release|Any CPU
		{72390EB1-DD1A-4640-812A-8D4D82FA08C9}.Release|Any CPU.Build.0 = Release|Any CPU
	EndGlobalSection
	GlobalSection(SolutionProperties) = preSolution
		HideSolutionNode = FALSE
	EndGlobalSection
	GlobalSection(ExtensibilityGlobals) = postSolution
		SolutionGuid = {FAAA7A07-6E8F-4861-B193-1721703158C0}
	EndGlobalSection
EndGlobal
