
Microsoft Visual Studio Solution File, Format Version 12.00
# Visual Studio Version 16
VisualStudioVersion = 16.0.32929.386
MinimumVisualStudioVersion = 10.0.40219.1
Project("{FAE04EC0-301F-11D3-BF4B-00C04F79EFBC}") = "lab10", "lab10\lab10.csproj", "{30D74575-9606-41A6-A00E-91E28E8E1233}"
EndProject
Global
	GlobalSection(SolutionConfigurationPlatforms) = preSolution
		Debug|Any CPU = Debug|Any CPU
		Release|Any CPU = Release|Any CPU
	EndGlobalSection
	GlobalSection(ProjectConfigurationPlatforms) = postSolution
		{30D74575-9606-41A6-A00E-91E28E8E1233}.Debug|Any CPU.ActiveCfg = Debug|Any CPU
		{30D74575-9606-41A6-A00E-91E28E8E1233}.Debug|Any CPU.Build.0 = Debug|Any CPU
		{30D74575-9606-41A6-A00E-91E28E8E1233}.Release|Any CPU.ActiveCfg = Release|Any CPU
		{30D74575-9606-41A6-A00E-91E28E8E1233}.Release|Any CPU.Build.0 = Release|Any CPU
	EndGlobalSection
	GlobalSection(SolutionProperties) = preSolution
		HideSolutionNode = FALSE
	EndGlobalSection
	GlobalSection(ExtensibilityGlobals) = postSolution
		SolutionGuid = {0E142146-3DAE-4100-B14D-39A05F472E50}
	EndGlobalSection
EndGlobal
