
Microsoft Visual Studio Solution File, Format Version 12.00
# Visual Studio Version 16
VisualStudioVersion = 16.0.33328.57
MinimumVisualStudioVersion = 10.0.40219.1
Project("{FAE04EC0-301F-11D3-BF4B-00C04F79EFBC}") = "MyProject", "MyProject\MyProject.csproj", "{285A8366-AFEA-445A-A2FF-24796C50D351}"
EndProject
Global
	GlobalSection(SolutionConfigurationPlatforms) = preSolution
		Debug|Any CPU = Debug|Any CPU
		Release|Any CPU = Release|Any CPU
	EndGlobalSection
	GlobalSection(ProjectConfigurationPlatforms) = postSolution
		{285A8366-AFEA-445A-A2FF-24796C50D351}.Debug|Any CPU.ActiveCfg = Debug|Any CPU
		{285A8366-AFEA-445A-A2FF-24796C50D351}.Debug|Any CPU.Build.0 = Debug|Any CPU
		{285A8366-AFEA-445A-A2FF-24796C50D351}.Release|Any CPU.ActiveCfg = Release|Any CPU
		{285A8366-AFEA-445A-A2FF-24796C50D351}.Release|Any CPU.Build.0 = Release|Any CPU
	EndGlobalSection
	GlobalSection(SolutionProperties) = preSolution
		HideSolutionNode = FALSE
	EndGlobalSection
	GlobalSection(ExtensibilityGlobals) = postSolution
		SolutionGuid = {4886A10C-A38D-4D8E-B77E-B91903169338}
	EndGlobalSection
EndGlobal
