
Microsoft Visual Studio Solution File, Format Version 12.00
# Visual Studio Version 16
VisualStudioVersion = 16.0.33328.57
MinimumVisualStudioVersion = 10.0.40219.1
Project("{8BC9CEB8-8B4A-11D0-8D11-00A0C91BC942}") = "ServerU", "ServerU\ServerU.vcxproj", "{297779B0-3EC0-4E1B-86A5-897CC6A60AC6}"
EndProject
Project("{8BC9CEB8-8B4A-11D0-8D11-00A0C91BC942}") = "ClientU", "ClientU\ClientU.vcxproj", "{08ADD9F9-48F3-4E84-A46D-185C112E93F9}"
EndProject
Global
	GlobalSection(SolutionConfigurationPlatforms) = preSolution
		Debug|x64 = Debug|x64
		Debug|x86 = Debug|x86
		Release|x64 = Release|x64
		Release|x86 = Release|x86
	EndGlobalSection
	GlobalSection(ProjectConfigurationPlatforms) = postSolution
		{297779B0-3EC0-4E1B-86A5-897CC6A60AC6}.Debug|x64.ActiveCfg = Debug|x64
		{297779B0-3EC0-4E1B-86A5-897CC6A60AC6}.Debug|x64.Build.0 = Debug|x64
		{297779B0-3EC0-4E1B-86A5-897CC6A60AC6}.Debug|x86.ActiveCfg = Debug|Win32
		{297779B0-3EC0-4E1B-86A5-897CC6A60AC6}.Debug|x86.Build.0 = Debug|Win32
		{297779B0-3EC0-4E1B-86A5-897CC6A60AC6}.Release|x64.ActiveCfg = Release|x64
		{297779B0-3EC0-4E1B-86A5-897CC6A60AC6}.Release|x64.Build.0 = Release|x64
		{297779B0-3EC0-4E1B-86A5-897CC6A60AC6}.Release|x86.ActiveCfg = Release|Win32
		{297779B0-3EC0-4E1B-86A5-897CC6A60AC6}.Release|x86.Build.0 = Release|Win32
		{08ADD9F9-48F3-4E84-A46D-185C112E93F9}.Debug|x64.ActiveCfg = Debug|x64
		{08ADD9F9-48F3-4E84-A46D-185C112E93F9}.Debug|x64.Build.0 = Debug|x64
		{08ADD9F9-48F3-4E84-A46D-185C112E93F9}.Debug|x86.ActiveCfg = Debug|Win32
		{08ADD9F9-48F3-4E84-A46D-185C112E93F9}.Debug|x86.Build.0 = Debug|Win32
		{08ADD9F9-48F3-4E84-A46D-185C112E93F9}.Release|x64.ActiveCfg = Release|x64
		{08ADD9F9-48F3-4E84-A46D-185C112E93F9}.Release|x64.Build.0 = Release|x64
		{08ADD9F9-48F3-4E84-A46D-185C112E93F9}.Release|x86.ActiveCfg = Release|Win32
		{08ADD9F9-48F3-4E84-A46D-185C112E93F9}.Release|x86.Build.0 = Release|Win32
	EndGlobalSection
	GlobalSection(SolutionProperties) = preSolution
		HideSolutionNode = FALSE
	EndGlobalSection
	GlobalSection(ExtensibilityGlobals) = postSolution
		SolutionGuid = {99E1895C-3298-4522-90E0-B2E6F9AF544E}
	EndGlobalSection
EndGlobal
