
Microsoft Visual Studio Solution File, Format Version 12.00
# Visual Studio Version 16
VisualStudioVersion = 16.0.33130.400
MinimumVisualStudioVersion = 10.0.40219.1
Project("{FAE04EC0-301F-11D3-BF4B-00C04F79EFBC}") = "WindowsFormsApp1", "WindowsFormsApp1\WindowsFormsApp1.csproj", "{DE565B95-BC94-43BC-A447-3556496FDA39}"
EndProject
Global
	GlobalSection(SolutionConfigurationPlatforms) = preSolution
		Debug|Any CPU = Debug|Any CPU
		Release|Any CPU = Release|Any CPU
	EndGlobalSection
	GlobalSection(ProjectConfigurationPlatforms) = postSolution
		{DE565B95-BC94-43BC-A447-3556496FDA39}.Debug|Any CPU.ActiveCfg = Debug|Any CPU
		{DE565B95-BC94-43BC-A447-3556496FDA39}.Debug|Any CPU.Build.0 = Debug|Any CPU
		{DE565B95-BC94-43BC-A447-3556496FDA39}.Release|Any CPU.ActiveCfg = Release|Any CPU
		{DE565B95-BC94-43BC-A447-3556496FDA39}.Release|Any CPU.Build.0 = Release|Any CPU
	EndGlobalSection
	GlobalSection(SolutionProperties) = preSolution
		HideSolutionNode = FALSE
	EndGlobalSection
	GlobalSection(ExtensibilityGlobals) = postSolution
		SolutionGuid = {2BBD58A6-1A4A-496B-9D0C-A78943B74E8A}
	EndGlobalSection
EndGlobal
