
Microsoft Visual Studio Solution File, Format Version 12.00
# Visual Studio Version 16
VisualStudioVersion = 16.0.31624.102
MinimumVisualStudioVersion = 10.0.40219.1
Project("{8BC9CEB8-8B4A-11D0-8D11-00A0C91BC942}") = "lab14_2", "lab14_2\lab14_2.vcxproj", "{041BD2B7-D9DD-4D13-81FC-3614E1205EF8}"
EndProject
Global
	GlobalSection(SolutionConfigurationPlatforms) = preSolution
		Debug|x64 = Debug|x64
		Debug|x86 = Debug|x86
		Release|x64 = Release|x64
		Release|x86 = Release|x86
	EndGlobalSection
	GlobalSection(ProjectConfigurationPlatforms) = postSolution
		{041BD2B7-D9DD-4D13-81FC-3614E1205EF8}.Debug|x64.ActiveCfg = Debug|x64
		{041BD2B7-D9DD-4D13-81FC-3614E1205EF8}.Debug|x64.Build.0 = Debug|x64
		{041BD2B7-D9DD-4D13-81FC-3614E1205EF8}.Debug|x86.ActiveCfg = Debug|Win32
		{041BD2B7-D9DD-4D13-81FC-3614E1205EF8}.Debug|x86.Build.0 = Debug|Win32
		{041BD2B7-D9DD-4D13-81FC-3614E1205EF8}.Release|x64.ActiveCfg = Release|x64
		{041BD2B7-D9DD-4D13-81FC-3614E1205EF8}.Release|x64.Build.0 = Release|x64
		{041BD2B7-D9DD-4D13-81FC-3614E1205EF8}.Release|x86.ActiveCfg = Release|Win32
		{041BD2B7-D9DD-4D13-81FC-3614E1205EF8}.Release|x86.Build.0 = Release|Win32
	EndGlobalSection
	GlobalSection(SolutionProperties) = preSolution
		HideSolutionNode = FALSE
	EndGlobalSection
	GlobalSection(ExtensibilityGlobals) = postSolution
		SolutionGuid = {E864A4B3-0156-4BBA-8746-702AFF690B17}
	EndGlobalSection
EndGlobal
