
Microsoft Visual Studio Solution File, Format Version 12.00
# Visual Studio Version 16
VisualStudioVersion = 16.0.33130.400
MinimumVisualStudioVersion = 10.0.40219.1
Project("{FAE04EC0-301F-11D3-BF4B-00C04F79EFBC}") = "lab2", "lab2\lab2.csproj", "{37E01D83-3F11-40A2-B79B-03D874E1BAE8}"
EndProject
Global
	GlobalSection(SolutionConfigurationPlatforms) = preSolution
		Debug|Any CPU = Debug|Any CPU
		Release|Any CPU = Release|Any CPU
	EndGlobalSection
	GlobalSection(ProjectConfigurationPlatforms) = postSolution
		{37E01D83-3F11-40A2-B79B-03D874E1BAE8}.Debug|Any CPU.ActiveCfg = Debug|Any CPU
		{37E01D83-3F11-40A2-B79B-03D874E1BAE8}.Debug|Any CPU.Build.0 = Debug|Any CPU
		{37E01D83-3F11-40A2-B79B-03D874E1BAE8}.Release|Any CPU.ActiveCfg = Release|Any CPU
		{37E01D83-3F11-40A2-B79B-03D874E1BAE8}.Release|Any CPU.Build.0 = Release|Any CPU
	EndGlobalSection
	GlobalSection(SolutionProperties) = preSolution
		HideSolutionNode = FALSE
	EndGlobalSection
	GlobalSection(ExtensibilityGlobals) = postSolution
		SolutionGuid = {6A0D0D7D-682B-4807-BBD5-EC333024C93C}
	EndGlobalSection
EndGlobal
