
Microsoft Visual Studio Solution File, Format Version 12.00
# Visual Studio Version 17
VisualStudioVersion = 17.7.34031.279
MinimumVisualStudioVersion = 10.0.40219.1
Project("{FAE04EC0-301F-11D3-BF4B-00C04F79EFBC}") = "MyProject", "MyProject\MyProject.csproj", "{285A8366-AFEA-445A-A2FF-24796C50D351}"
EndProject
Project("{54435603-DBB4-11D2-8724-00A0C9A8B90C}") = "Setup1", "Setup1\Setup1.vdproj", "{614CF648-85BE-4499-B4C3-4ABAB3B4C86A}"
EndProject
Project("{54435603-DBB4-11D2-8724-00A0C9A8B90C}") = "Shop", "Shop\Shop.vdproj", "{259DE9B8-299F-4F09-A918-D87066F97030}"
EndProject
Project("{54435603-DBB4-11D2-8724-00A0C9A8B90C}") = "Shop", "Shop\Shop.vdproj", "{D129EC76-C97B-47F1-94CC-41E7A4E982D0}"
EndProject
Global
	GlobalSection(SolutionConfigurationPlatforms) = preSolution
		Debug|Any CPU = Debug|Any CPU
		Release|Any CPU = Release|Any CPU
	EndGlobalSection
	GlobalSection(ProjectConfigurationPlatforms) = postSolution
		{285A8366-AFEA-445A-A2FF-24796C50D351}.Debug|Any CPU.ActiveCfg = Debug|Any CPU
		{285A8366-AFEA-445A-A2FF-24796C50D351}.Debug|Any CPU.Build.0 = Debug|Any CPU
		{285A8366-AFEA-445A-A2FF-24796C50D351}.Release|Any CPU.ActiveCfg = Release|Any CPU
		{285A8366-AFEA-445A-A2FF-24796C50D351}.Release|Any CPU.Build.0 = Release|Any CPU
		{614CF648-85BE-4499-B4C3-4ABAB3B4C86A}.Debug|Any CPU.ActiveCfg = Debug
		{614CF648-85BE-4499-B4C3-4ABAB3B4C86A}.Release|Any CPU.ActiveCfg = Release
		{259DE9B8-299F-4F09-A918-D87066F97030}.Debug|Any CPU.ActiveCfg = Debug
		{259DE9B8-299F-4F09-A918-D87066F97030}.Release|Any CPU.ActiveCfg = Release
		{D129EC76-C97B-47F1-94CC-41E7A4E982D0}.Debug|Any CPU.ActiveCfg = Debug
		{D129EC76-C97B-47F1-94CC-41E7A4E982D0}.Release|Any CPU.ActiveCfg = Release
	EndGlobalSection
	GlobalSection(SolutionProperties) = preSolution
		HideSolutionNode = FALSE
	EndGlobalSection
	GlobalSection(ExtensibilityGlobals) = postSolution
		SolutionGuid = {4886A10C-A38D-4D8E-B77E-B91903169338}
	EndGlobalSection
EndGlobal
