
Microsoft Visual Studio Solution File, Format Version 12.00
# Visual Studio Version 17
VisualStudioVersion = 17.4.33205.214
MinimumVisualStudioVersion = 10.0.40219.1
Project("{FAE04EC0-301F-11D3-BF4B-00C04F79EFBC}") = "sdckfcd", "sdckfcd\sdckfcd.csproj", "{D7F43CE0-D790-46DA-AA2F-B26620B8A15C}"
EndProject
Global
	GlobalSection(SolutionConfigurationPlatforms) = preSolution
		Debug|Any CPU = Debug|Any CPU
		Release|Any CPU = Release|Any CPU
	EndGlobalSection
	GlobalSection(ProjectConfigurationPlatforms) = postSolution
		{D7F43CE0-D790-46DA-AA2F-B26620B8A15C}.Debug|Any CPU.ActiveCfg = Debug|Any CPU
		{D7F43CE0-D790-46DA-AA2F-B26620B8A15C}.Debug|Any CPU.Build.0 = Debug|Any CPU
		{D7F43CE0-D790-46DA-AA2F-B26620B8A15C}.Release|Any CPU.ActiveCfg = Release|Any CPU
		{D7F43CE0-D790-46DA-AA2F-B26620B8A15C}.Release|Any CPU.Build.0 = Release|Any CPU
	EndGlobalSection
	GlobalSection(SolutionProperties) = preSolution
		HideSolutionNode = FALSE
	EndGlobalSection
	GlobalSection(ExtensibilityGlobals) = postSolution
		SolutionGuid = {137042D1-B3EE-4726-AE75-07B74304321F}
	EndGlobalSection
EndGlobal
